
Microsoft Visual Studio Solution File, Format Version 12.00
# Visual Studio Version 16
VisualStudioVersion = 16.0.30907.101
MinimumVisualStudioVersion = 10.0.40219.1
Project("{FAE04EC0-301F-11D3-BF4B-00C04F79EFBC}") = "KaosesTweaks", "KaosesTweaks\KaosesTweaks.csproj", "{27B19B98-67DE-4B9F-9A12-2CABB6DC48D6}"
EndProject
Global
	GlobalSection(SolutionConfigurationPlatforms) = preSolution
		Debug|x64 = Debug|x64
		Release|x64 = Release|x64
	EndGlobalSection
	GlobalSection(ProjectConfigurationPlatforms) = postSolution
		{27B19B98-67DE-4B9F-9A12-2CABB6DC48D6}.Debug|x64.ActiveCfg = Debug|x64
		{27B19B98-67DE-4B9F-9A12-2CABB6DC48D6}.Debug|x64.Build.0 = Debug|x64
		{27B19B98-67DE-4B9F-9A12-2CABB6DC48D6}.Release|x64.ActiveCfg = Release|x64
		{27B19B98-67DE-4B9F-9A12-2CABB6DC48D6}.Release|x64.Build.0 = Release|x64
	EndGlobalSection
	GlobalSection(SolutionProperties) = preSolution
		HideSolutionNode = FALSE
	EndGlobalSection
	GlobalSection(ExtensibilityGlobals) = postSolution
		SolutionGuid = {38B16A56-EAA7-4AE7-8FCD-5F1168BBABD6}
	EndGlobalSection
EndGlobal
